
Microsoft Visual Studio Solution File, Format Version 12.00
# Visual Studio 2013
Project("{FAE04EC0-301F-11D3-BF4B-00C04F79EFBC}") = "UnityVS.BeyondBorder_Prototype002.CSharp", "UnityVS.BeyondBorder_Prototype002.CSharp.csproj", "{BA3D9278-E434-2884-71A6-6570CA4AB04C}"
EndProject
Global
	GlobalSection(SolutionConfigurationPlatforms) = preSolution
		Debug|Any CPU = Debug|Any CPU
		Release|Any CPU = Release|Any CPU
	EndGlobalSection
	GlobalSection(ProjectConfigurationPlatforms) = postSolution
		{BA3D9278-E434-2884-71A6-6570CA4AB04C}.Debug|Any CPU.ActiveCfg = Debug|Any CPU
		{BA3D9278-E434-2884-71A6-6570CA4AB04C}.Debug|Any CPU.Build.0 = Debug|Any CPU
		{BA3D9278-E434-2884-71A6-6570CA4AB04C}.Release|Any CPU.ActiveCfg = Release|Any CPU
		{BA3D9278-E434-2884-71A6-6570CA4AB04C}.Release|Any CPU.Build.0 = Release|Any CPU
	EndGlobalSection
	GlobalSection(SolutionProperties) = preSolution
		HideSolutionNode = FALSE
	EndGlobalSection
EndGlobal
